
Microsoft Visual Studio Solution File, Format Version 12.00
# Visual Studio 15
VisualStudioVersion = 15.0.27703.2047
MinimumVisualStudioVersion = 10.0.40219.1
Project("{9A19103F-16F7-4668-BE54-9A1E7A4F7556}") = "XCentium.Sitecore.Commerce.Messages", "XCentium.Sitecore.Commerce.Messages.csproj", "{2FF5501A-8F14-47DA-926E-922A157E65EB}"
EndProject
Global
	GlobalSection(SolutionConfigurationPlatforms) = preSolution
		Debug|Any CPU = Debug|Any CPU
		Release|Any CPU = Release|Any CPU
	EndGlobalSection
	GlobalSection(ProjectConfigurationPlatforms) = postSolution
		{2FF5501A-8F14-47DA-926E-922A157E65EB}.Debug|Any CPU.ActiveCfg = Debug|Any CPU
		{2FF5501A-8F14-47DA-926E-922A157E65EB}.Debug|Any CPU.Build.0 = Debug|Any CPU
		{2FF5501A-8F14-47DA-926E-922A157E65EB}.Release|Any CPU.ActiveCfg = Release|Any CPU
		{2FF5501A-8F14-47DA-926E-922A157E65EB}.Release|Any CPU.Build.0 = Release|Any CPU
	EndGlobalSection
	GlobalSection(SolutionProperties) = preSolution
		HideSolutionNode = FALSE
	EndGlobalSection
	GlobalSection(ExtensibilityGlobals) = postSolution
		SolutionGuid = {DE2BF3DE-E59B-456A-9F39-8E7D48836A1C}
	EndGlobalSection
EndGlobal
